
Microsoft Visual Studio Solution File, Format Version 12.00
# Visual Studio 15
VisualStudioVersion = 15.0.28010.2019
MinimumVisualStudioVersion = 10.0.40219.1
Project("{FAE04EC0-301F-11D3-BF4B-00C04F79EFBC}") = "AdministradorPcOne", "DSPDesktop\AdministradorPcOne.csproj", "{A81C0721-3FAB-4FED-89FD-5FFDB39B308D}"
EndProject
Global
	GlobalSection(SolutionConfigurationPlatforms) = preSolution
		Debug|Any CPU = Debug|Any CPU
		Release|Any CPU = Release|Any CPU
	EndGlobalSection
	GlobalSection(ProjectConfigurationPlatforms) = postSolution
		{A81C0721-3FAB-4FED-89FD-5FFDB39B308D}.Debug|Any CPU.ActiveCfg = Debug|Any CPU
		{A81C0721-3FAB-4FED-89FD-5FFDB39B308D}.Debug|Any CPU.Build.0 = Debug|Any CPU
		{A81C0721-3FAB-4FED-89FD-5FFDB39B308D}.Release|Any CPU.ActiveCfg = Release|Any CPU
		{A81C0721-3FAB-4FED-89FD-5FFDB39B308D}.Release|Any CPU.Build.0 = Release|Any CPU
	EndGlobalSection
	GlobalSection(SolutionProperties) = preSolution
		HideSolutionNode = FALSE
	EndGlobalSection
	GlobalSection(ExtensibilityGlobals) = postSolution
		SolutionGuid = {51C26288-A0B3-4533-9339-A2607F83C117}
	EndGlobalSection
EndGlobal
